// !$*UTF8*$!
{
	archiveVersion = 1;
	classes = {
	};
	objectVersion = 55;
	objects = {

/* Begin PBXBuildFile section */
		847AD918276226110073187D /* AppDelegate.swift in Sources */ = {isa = PBXBuildFile; fileRef = 847AD917276226110073187D /* AppDelegate.swift */; };
		847AD91A276226110073187D /* SceneDelegate.swift in Sources */ = {isa = PBXBuildFile; fileRef = 847AD919276226110073187D /* SceneDelegate.swift */; };
		847AD91C276226110073187D /* ViewController.swift in Sources */ = {isa = PBXBuildFile; fileRef = 847AD91B276226110073187D /* ViewController.swift */; };
		847AD91F276226110073187D /* Main.storyboard in Resources */ = {isa = PBXBuildFile; fileRef = 847AD91D276226110073187D /* Main.storyboard */; };
		847AD921276226120073187D /* Assets.xcassets in Resources */ = {isa = PBXBuildFile; fileRef = 847AD920276226120073187D /* Assets.xcassets */; };
		847AD924276226120073187D /* LaunchScreen.storyboard in Resources */ = {isa = PBXBuildFile; fileRef = 847AD922276226120073187D /* LaunchScreen.storyboard */; };
		847AD92F276226130073187D /* Binary_CounterTests.swift in Sources */ = {isa = PBXBuildFile; fileRef = 847AD92E276226130073187D /* Binary_CounterTests.swift */; };
		847AD939276226130073187D /* Binary_CounterUITests.swift in Sources */ = {isa = PBXBuildFile; fileRef = 847AD938276226130073187D /* Binary_CounterUITests.swift */; };
		847AD93B276226130073187D /* Binary_CounterUITestsLaunchTests.swift in Sources */ = {isa = PBXBuildFile; fileRef = 847AD93A276226130073187D /* Binary_CounterUITestsLaunchTests.swift */; };
		847AD9482762272D0073187D /* NumbersTableViewCell.swift in Sources */ = {isa = PBXBuildFile; fileRef = 847AD9472762272D0073187D /* NumbersTableViewCell.swift */; };
/* End PBXBuildFile section */

/* Begin PBXContainerItemProxy section */
		847AD92B276226130073187D /* PBXContainerItemProxy */ = {
			isa = PBXContainerItemProxy;
			containerPortal = 847AD90C276226110073187D /* Project object */;
			proxyType = 1;
			remoteGlobalIDString = 847AD913276226110073187D;
			remoteInfo = "Binary Counter";
		};
		847AD935276226130073187D /* PBXContainerItemProxy */ = {
			isa = PBXContainerItemProxy;
			containerPortal = 847AD90C276226110073187D /* Project object */;
			proxyType = 1;
			remoteGlobalIDString = 847AD913276226110073187D;
			remoteInfo = "Binary Counter";
		};
/* End PBXContainerItemProxy section */

/* Begin PBXFileReference section */
		847AD914276226110073187D /* Binary Counter.app */ = {isa = PBXFileReference; explicitFileType = wrapper.application; includeInIndex = 0; path = "Binary Counter.app"; sourceTree = BUILT_PRODUCTS_DIR; };
		847AD917276226110073187D /* AppDelegate.swift */ = {isa = PBXFileReference; lastKnownFileType = sourcecode.swift; path = AppDelegate.swift; sourceTree = "<group>"; };
		847AD919276226110073187D /* SceneDelegate.swift */ = {isa = PBXFileReference; lastKnownFileType = sourcecode.swift; path = SceneDelegate.swift; sourceTree = "<group>"; };
		847AD91B276226110073187D /* ViewController.swift */ = {isa = PBXFileReference; lastKnownFileType = sourcecode.swift; path = ViewController.swift; sourceTree = "<group>"; };
		847AD91E276226110073187D /* Base */ = {isa = PBXFileReference; lastKnownFileType = file.storyboard; name = Base; path = Base.lproj/Main.storyboard; sourceTree = "<group>"; };
		847AD920276226120073187D /* Assets.xcassets */ = {isa = PBXFileReference; lastKnownFileType = folder.assetcatalog; path = Assets.xcassets; sourceTree = "<group>"; };
		847AD923276226120073187D /* Base */ = {isa = PBXFileReference; lastKnownFileType = file.storyboard; name = Base; path = Base.lproj/LaunchScreen.storyboard; sourceTree = "<group>"; };
		847AD925276226120073187D /* Info.plist */ = {isa = PBXFileReference; lastKnownFileType = text.plist.xml; path = Info.plist; sourceTree = "<group>"; };
		847AD92A276226130073187D /* Binary CounterTests.xctest */ = {isa = PBXFileReference; explicitFileType = wrapper.cfbundle; includeInIndex = 0; path = "Binary CounterTests.xctest"; sourceTree = BUILT_PRODUCTS_DIR; };
		847AD92E276226130073187D /* Binary_CounterTests.swift */ = {isa = PBXFileReference; lastKnownFileType = sourcecode.swift; path = Binary_CounterTests.swift; sourceTree = "<group>"; };
		847AD934276226130073187D /* Binary CounterUITests.xctest */ = {isa = PBXFileReference; explicitFileType = wrapper.cfbundle; includeInIndex = 0; path = "Binary CounterUITests.xctest"; sourceTree = BUILT_PRODUCTS_DIR; };
		847AD938276226130073187D /* Binary_CounterUITests.swift */ = {isa = PBXFileReference; lastKnownFileType = sourcecode.swift; path = Binary_CounterUITests.swift; sourceTree = "<group>"; };
		847AD93A276226130073187D /* Binary_CounterUITestsLaunchTests.swift */ = {isa = PBXFileReference; lastKnownFileType = sourcecode.swift; path = Binary_CounterUITestsLaunchTests.swift; sourceTree = "<group>"; };
		847AD9472762272D0073187D /* NumbersTableViewCell.swift */ = {isa = PBXFileReference; lastKnownFileType = sourcecode.swift; path = NumbersTableViewCell.swift; sourceTree = "<group>"; };
/* End PBXFileReference section */

/* Begin PBXFrameworksBuildPhase section */
		847AD911276226110073187D /* Frameworks */ = {
			isa = PBXFrameworksBuildPhase;
			buildActionMask = 2147483647;
			files = (
			);
			runOnlyForDeploymentPostprocessing = 0;
		};
		847AD927276226130073187D /* Frameworks */ = {
			isa = PBXFrameworksBuildPhase;
			buildActionMask = 2147483647;
			files = (
			);
			runOnlyForDeploymentPostprocessing = 0;
		};
		847AD931276226130073187D /* Frameworks */ = {
			isa = PBXFrameworksBuildPhase;
			buildActionMask = 2147483647;
			files = (
			);
			runOnlyForDeploymentPostprocessing = 0;
		};
/* End PBXFrameworksBuildPhase section */

/* Begin PBXGroup section */
		847AD90B276226110073187D = {
			isa = PBXGroup;
			children = (
				847AD916276226110073187D /* Binary Counter */,
				847AD92D276226130073187D /* Binary CounterTests */,
				847AD937276226130073187D /* Binary CounterUITests */,
				847AD915276226110073187D /* Products */,
			);
			sourceTree = "<group>";
		};
		847AD915276226110073187D /* Products */ = {
			isa = PBXGroup;
			children = (
				847AD914276226110073187D /* Binary Counter.app */,
				847AD92A276226130073187D /* Binary CounterTests.xctest */,
				847AD934276226130073187D /* Binary CounterUITests.xctest */,
			);
			name = Products;
			sourceTree = "<group>";
		};
		847AD916276226110073187D /* Binary Counter */ = {
			isa = PBXGroup;
			children = (
				847AD917276226110073187D /* AppDelegate.swift */,
				847AD919276226110073187D /* SceneDelegate.swift */,
				847AD91B276226110073187D /* ViewController.swift */,
				847AD91D276226110073187D /* Main.storyboard */,
				847AD920276226120073187D /* Assets.xcassets */,
				847AD922276226120073187D /* LaunchScreen.storyboard */,
				847AD925276226120073187D /* Info.plist */,
				847AD9472762272D0073187D /* NumbersTableViewCell.swift */,
			);
			path = "Binary Counter";
			sourceTree = "<group>";
		};
		847AD92D276226130073187D /* Binary CounterTests */ = {
			isa = PBXGroup;
			children = (
				847AD92E276226130073187D /* Binary_CounterTests.swift */,
			);
			path = "Binary CounterTests";
			sourceTree = "<group>";
		};
		847AD937276226130073187D /* Binary CounterUITests */ = {
			isa = PBXGroup;
			children = (
				847AD938276226130073187D /* Binary_CounterUITests.swift */,
				847AD93A276226130073187D /* Binary_CounterUITestsLaunchTests.swift */,
			);
			path = "Binary CounterUITests";
			sourceTree = "<group>";
		};
/* End PBXGroup section */

/* Begin PBXNativeTarget section */
		847AD913276226110073187D /* Binary Counter */ = {
			isa = PBXNativeTarget;
			buildConfigurationList = 847AD93E276226130073187D /* Build configuration list for PBXNativeTarget "Binary Counter" */;
			buildPhases = (
				847AD910276226110073187D /* Sources */,
				847AD911276226110073187D /* Frameworks */,
				847AD912276226110073187D /* Resources */,
			);
			buildRules = (
			);
			dependencies = (
			);
			name = "Binary Counter";
			productName = "Binary Counter";
			productReference = 847AD914276226110073187D /* Binary Counter.app */;
			productType = "com.apple.product-type.application";
		};
		847AD929276226130073187D /* Binary CounterTests */ = {
			isa = PBXNativeTarget;
			buildConfigurationList = 847AD941276226130073187D /* Build configuration list for PBXNativeTarget "Binary CounterTests" */;
			buildPhases = (
				847AD926276226130073187D /* Sources */,
				847AD927276226130073187D /* Frameworks */,
				847AD928276226130073187D /* Resources */,
			);
			buildRules = (
			);
			dependencies = (
				847AD92C276226130073187D /* PBXTargetDependency */,
			);
			name = "Binary CounterTests";
			productName = "Binary CounterTests";
			productReference = 847AD92A276226130073187D /* Binary CounterTests.xctest */;
			productType = "com.apple.product-type.bundle.unit-test";
		};
		847AD933276226130073187D /* Binary CounterUITests */ = {
			isa = PBXNativeTarget;
			buildConfigurationList = 847AD944276226130073187D /* Build configuration list for PBXNativeTarget "Binary CounterUITests" */;
			buildPhases = (
				847AD930276226130073187D /* Sources */,
				847AD931276226130073187D /* Frameworks */,
				847AD932276226130073187D /* Resources */,
			);
			buildRules = (
			);
			dependencies = (
				847AD936276226130073187D /* PBXTargetDependency */,
			);
			name = "Binary CounterUITests";
			productName = "Binary CounterUITests";
			productReference = 847AD934276226130073187D /* Binary CounterUITests.xctest */;
			productType = "com.apple.product-type.bundle.ui-testing";
		};
/* End PBXNativeTarget section */

/* Begin PBXProject section */
		847AD90C276226110073187D /* Project object */ = {
			isa = PBXProject;
			attributes = {
				BuildIndependentTargetsInParallel = 1;
				LastSwiftUpdateCheck = 1300;
				LastUpgradeCheck = 1300;
				TargetAttributes = {
					847AD913276226110073187D = {
						CreatedOnToolsVersion = 13.0;
					};
					847AD929276226130073187D = {
						CreatedOnToolsVersion = 13.0;
						TestTargetID = 847AD913276226110073187D;
					};
					847AD933276226130073187D = {
						CreatedOnToolsVersion = 13.0;
						TestTargetID = 847AD913276226110073187D;
					};
				};
			};
			buildConfigurationList = 847AD90F276226110073187D /* Build configuration list for PBXProject "Binary Counter" */;
			compatibilityVersion = "Xcode 13.0";
			developmentRegion = en;
			hasScannedForEncodings = 0;
			knownRegions = (
				en,
				Base,
			);
			mainGroup = 847AD90B276226110073187D;
			productRefGroup = 847AD915276226110073187D /* Products */;
			projectDirPath = "";
			projectRoot = "";
			targets = (
				847AD913276226110073187D /* Binary Counter */,
				847AD929276226130073187D /* Binary CounterTests */,
				847AD933276226130073187D /* Binary CounterUITests */,
			);
		};
/* End PBXProject section */

/* Begin PBXResourcesBuildPhase section */
		847AD912276226110073187D /* Resources */ = {
			isa = PBXResourcesBuildPhase;
			buildActionMask = 2147483647;
			files = (
				847AD924276226120073187D /* LaunchScreen.storyboard in Resources */,
				847AD921276226120073187D /* Assets.xcassets in Resources */,
				847AD91F276226110073187D /* Main.storyboard in Resources */,
			);
			runOnlyForDeploymentPostprocessing = 0;
		};
		847AD928276226130073187D /* Resources */ = {
			isa = PBXResourcesBuildPhase;
			buildActionMask = 2147483647;
			files = (
			);
			runOnlyForDeploymentPostprocessing = 0;
		};
		847AD932276226130073187D /* Resources */ = {
			isa = PBXResourcesBuildPhase;
			buildActionMask = 2147483647;
			files = (
			);
			runOnlyForDeploymentPostprocessing = 0;
		};
/* End PBXResourcesBuildPhase section */

/* Begin PBXSourcesBuildPhase section */
		847AD910276226110073187D /* Sources */ = {
			isa = PBXSourcesBuildPhase;
			buildActionMask = 2147483647;
			files = (
				847AD9482762272D0073187D /* NumbersTableViewCell.swift in Sources */,
				847AD91C276226110073187D /* ViewController.swift in Sources */,
				847AD918276226110073187D /* AppDelegate.swift in Sources */,
				847AD91A276226110073187D /* SceneDelegate.swift in Sources */,
			);
			runOnlyForDeploymentPostprocessing = 0;
		};
		847AD926276226130073187D /* Sources */ = {
			isa = PBXSourcesBuildPhase;
			buildActionMask = 2147483647;
			files = (
				847AD92F276226130073187D /* Binary_CounterTests.swift in Sources */,
			);
			runOnlyForDeploymentPostprocessing = 0;
		};
		847AD930276226130073187D /* Sources */ = {
			isa = PBXSourcesBuildPhase;
			buildActionMask = 2147483647;
			files = (
				847AD93B276226130073187D /* Binary_CounterUITestsLaunchTests.swift in Sources */,
				847AD939276226130073187D /* Binary_CounterUITests.swift in Sources */,
			);
			runOnlyForDeploymentPostprocessing = 0;
		};
/* End PBXSourcesBuildPhase section */

/* Begin PBXTargetDependency section */
		847AD92C276226130073187D /* PBXTargetDependency */ = {
			isa = PBXTargetDependency;
			target = 847AD913276226110073187D /* Binary Counter */;
			targetProxy = 847AD92B276226130073187D /* PBXContainerItemProxy */;
		};
		847AD936276226130073187D /* PBXTargetDependency */ = {
			isa = PBXTargetDependency;
			target = 847AD913276226110073187D /* Binary Counter */;
			targetProxy = 847AD935276226130073187D /* PBXContainerItemProxy */;
		};
/* End PBXTargetDependency section */

/* Begin PBXVariantGroup section */
		847AD91D276226110073187D /* Main.storyboard */ = {
			isa = PBXVariantGroup;
			children = (
				847AD91E276226110073187D /* Base */,
			);
			name = Main.storyboard;
			sourceTree = "<group>";
		};
		847AD922276226120073187D /* LaunchScreen.storyboard */ = {
			isa = PBXVariantGroup;
			children = (
				847AD923276226120073187D /* Base */,
			);
			name = LaunchScreen.storyboard;
			sourceTree = "<group>";
		};
/* End PBXVariantGroup section */

/* Begin XCBuildConfiguration section */
		847AD93C276226130073187D /* Debug */ = {
			isa = XCBuildConfiguration;
			buildSettings = {
				ALWAYS_SEARCH_USER_PATHS = NO;
				CLANG_ANALYZER_NONNULL = YES;
				CLANG_ANALYZER_NUMBER_OBJECT_CONVERSION = YES_AGGRESSIVE;
				CLANG_CXX_LANGUAGE_STANDARD = "gnu++17";
				CLANG_CXX_LIBRARY = "libc++";
				CLANG_ENABLE_MODULES = YES;
				CLANG_ENABLE_OBJC_ARC = YES;
				CLANG_ENABLE_OBJC_WEAK = YES;
				CLANG_WARN_BLOCK_CAPTURE_AUTORELEASING = YES;
				CLANG_WARN_BOOL_CONVERSION = YES;
				CLANG_WARN_COMMA = YES;
				CLANG_WARN_CONSTANT_CONVERSION = YES;
				CLANG_WARN_DEPRECATED_OBJC_IMPLEMENTATIONS = YES;
				CLANG_WARN_DIRECT_OBJC_ISA_USAGE = YES_ERROR;
				CLANG_WARN_DOCUMENTATION_COMMENTS = YES;
				CLANG_WARN_EMPTY_BODY = YES;
				CLANG_WARN_ENUM_CONVERSION = YES;
				CLANG_WARN_INFINITE_RECURSION = YES;
				CLANG_WARN_INT_CONVERSION = YES;
				CLANG_WARN_NON_LITERAL_NULL_CONVERSION = YES;
				CLANG_WARN_OBJC_IMPLICIT_RETAIN_SELF = YES;
				CLANG_WARN_OBJC_LITERAL_CONVERSION = YES;
				CLANG_WARN_OBJC_ROOT_CLASS = YES_ERROR;
				CLANG_WARN_QUOTED_INCLUDE_IN_FRAMEWORK_HEADER = YES;
				CLANG_WARN_RANGE_LOOP_ANALYSIS = YES;
				CLANG_WARN_STRICT_PROTOTYPES = YES;
				CLANG_WARN_SUSPICIOUS_MOVE = YES;
				CLANG_WARN_UNGUARDED_AVAILABILITY = YES_AGGRESSIVE;
				CLANG_WARN_UNREACHABLE_CODE = YES;
				CLANG_WARN__DUPLICATE_METHOD_MATCH = YES;
				COPY_PHASE_STRIP = NO;
				DEBUG_INFORMATION_FORMAT = dwarf;
				ENABLE_STRICT_OBJC_MSGSEND = YES;
				ENABLE_TESTABILITY = YES;
				GCC_C_LANGUAGE_STANDARD = gnu11;
				GCC_DYNAMIC_NO_PIC = NO;
				GCC_NO_COMMON_BLOCKS = YES;
				GCC_OPTIMIZATION_LEVEL = 0;
				GCC_PREPROCESSOR_DEFINITIONS = (
					"DEBUG=1",
					"$(inherited)",
				);
				GCC_WARN_64_TO_32_BIT_CONVERSION = YES;
				GCC_WARN_ABOUT_RETURN_TYPE = YES_ERROR;
				GCC_WARN_UNDECLARED_SELECTOR = YES;
				GCC_WARN_UNINITIALIZED_AUTOS = YES_AGGRESSIVE;
				GCC_WARN_UNUSED_FUNCTION = YES;
				GCC_WARN_UNUSED_VARIABLE = YES;
				IPHONEOS_DEPLOYMENT_TARGET = 15.0;
				MTL_ENABLE_DEBUG_INFO = INCLUDE_SOURCE;
				MTL_FAST_MATH = YES;
				ONLY_ACTIVE_ARCH = YES;
				SDKROOT = iphoneos;
				SWIFT_ACTIVE_COMPILATION_CONDITIONS = DEBUG;
				SWIFT_OPTIMIZATION_LEVEL = "-Onone";
			};
			name = Debug;
		};
		847AD93D276226130073187D /* Release */ = {
			isa = XCBuildConfiguration;
			buildSettings = {
				ALWAYS_SEARCH_USER_PATHS = NO;
				CLANG_ANALYZER_NONNULL = YES;
				CLANG_ANALYZER_NUMBER_OBJECT_CONVERSION = YES_AGGRESSIVE;
				CLANG_CXX_LANGUAGE_STANDARD = "gnu++17";
				CLANG_CXX_LIBRARY = "libc++";
				CLANG_ENABLE_MODULES = YES;
				CLANG_ENABLE_OBJC_ARC = YES;
				CLANG_ENABLE_OBJC_WEAK = YES;
				CLANG_WARN_BLOCK_CAPTURE_AUTORELEASING = YES;
				CLANG_WARN_BOOL_CONVERSION = YES;
				CLANG_WARN_COMMA = YES;
				CLANG_WARN_CONSTANT_CONVERSION = YES;
				CLANG_WARN_DEPRECATED_OBJC_IMPLEMENTATIONS = YES;
				CLANG_WARN_DIRECT_OBJC_ISA_USAGE = YES_ERROR;
				CLANG_WARN_DOCUMENTATION_COMMENTS = YES;
				CLANG_WARN_EMPTY_BODY = YES;
				CLANG_WARN_ENUM_CONVERSION = YES;
				CLANG_WARN_INFINITE_RECURSION = YES;
				CLANG_WARN_INT_CONVERSION = YES;
				CLANG_WARN_NON_LITERAL_NULL_CONVERSION = YES;
				CLANG_WARN_OBJC_IMPLICIT_RETAIN_SELF = YES;
				CLANG_WARN_OBJC_LITERAL_CONVERSION = YES;
				CLANG_WARN_OBJC_ROOT_CLASS = YES_ERROR;
				CLANG_WARN_QUOTED_INCLUDE_IN_FRAMEWORK_HEADER = YES;
				CLANG_WARN_RANGE_LOOP_ANALYSIS = YES;
				CLANG_WARN_STRICT_PROTOTYPES = YES;
				CLANG_WARN_SUSPICIOUS_MOVE = YES;
				CLANG_WARN_UNGUARDED_AVAILABILITY = YES_AGGRESSIVE;
				CLANG_WARN_UNREACHABLE_CODE = YES;
				CLANG_WARN__DUPLICATE_METHOD_MATCH = YES;
				COPY_PHASE_STRIP = NO;
				DEBUG_INFORMATION_FORMAT = "dwarf-with-dsym";
				ENABLE_NS_ASSERTIONS = NO;
				ENABLE_STRICT_OBJC_MSGSEND = YES;
				GCC_C_LANGUAGE_STANDARD = gnu11;
				GCC_NO_COMMON_BLOCKS = YES;
				GCC_WARN_64_TO_32_BIT_CONVERSION = YES;
				GCC_WARN_ABOUT_RETURN_TYPE = YES_ERROR;
				GCC_WARN_UNDECLARED_SELECTOR = YES;
				GCC_WARN_UNINITIALIZED_AUTOS = YES_AGGRESSIVE;
				GCC_WARN_UNUSED_FUNCTION = YES;
				GCC_WARN_UNUSED_VARIABLE = YES;
				IPHONEOS_DEPLOYMENT_TARGET = 15.0;
				MTL_ENABLE_DEBUG_INFO = NO;
				MTL_FAST_MATH = YES;
				SDKROOT = iphoneos;
				SWIFT_COMPILATION_MODE = wholemodule;
				SWIFT_OPTIMIZATION_LEVEL = "-O";
				VALIDATE_PRODUCT = YES;
			};
			name = Release;
		};
		847AD93F276226130073187D /* Debug */ = {
			isa = XCBuildConfiguration;
			buildSettings = {
				ASSETCATALOG_COMPILER_APPICON_NAME = AppIcon;
				ASSETCATALOG_COMPILER_GLOBAL_ACCENT_COLOR_NAME = AccentColor;
				CODE_SIGN_STYLE = Automatic;
				CURRENT_PROJECT_VERSION = 1;
				GENERATE_INFOPLIST_FILE = YES;
				INFOPLIST_FILE = "Binary Counter/Info.plist";
				INFOPLIST_KEY_UIApplicationSupportsIndirectInputEvents = YES;
				INFOPLIST_KEY_UILaunchStoryboardName = LaunchScreen;
				INFOPLIST_KEY_UIMainStoryboardFile = Main;
				INFOPLIST_KEY_UISupportedInterfaceOrientations = "UIInterfaceOrientationPortrait UIInterfaceOrientationPortraitUpsideDown UIInterfaceOrientationLandscapeLeft UIInterfaceOrientationLandscapeRight";
				INFOPLIST_KEY_UISupportedInterfaceOrientations_iPad = "UIInterfaceOrientationPortrait UIInterfaceOrientationPortraitUpsideDown UIInterfaceOrientationLandscapeLeft UIInterfaceOrientationLandscapeRight";
				INFOPLIST_KEY_UISupportedInterfaceOrientations_iPhone = "UIInterfaceOrientationPortrait UIInterfaceOrientationLandscapeLeft UIInterfaceOrientationLandscapeRight";
				LD_RUNPATH_SEARCH_PATHS = (
					"$(inherited)",
					"@executable_path/Frameworks",
				);
				MARKETING_VERSION = 1.0;
				PRODUCT_BUNDLE_IDENTIFIER = "Assignment-iOS-Quiz.Binary-Counter";
				PRODUCT_NAME = "$(TARGET_NAME)";
				SWIFT_EMIT_LOC_STRINGS = YES;
				SWIFT_VERSION = 5.0;
				TARGETED_DEVICE_FAMILY = "1,2";
			};
			name = Debug;
		};
		847AD940276226130073187D /* Release */ = {
			isa = XCBuildConfiguration;
			buildSettings = {
				ASSETCATALOG_COMPILER_APPICON_NAME = AppIcon;
				ASSETCATALOG_COMPILER_GLOBAL_ACCENT_COLOR_NAME = AccentColor;
				CODE_SIGN_STYLE = Automatic;
				CURRENT_PROJECT_VERSION = 1;
				GENERATE_INFOPLIST_FILE = YES;
				INFOPLIST_FILE = "Binary Counter/Info.plist";
				INFOPLIST_KEY_UIApplicationSupportsIndirectInputEvents = YES;
				INFOPLIST_KEY_UILaunchStoryboardName = LaunchScreen;
				INFOPLIST_KEY_UIMainStoryboardFile = Main;
				INFOPLIST_KEY_UISupportedInterfaceOrientations = "UIInterfaceOrientationPortrait UIInterfaceOrientationPortraitUpsideDown UIInterfaceOrientationLandscapeLeft UIInterfaceOrientationLandscapeRight";
				INFOPLIST_KEY_UISupportedInterfaceOrientations_iPad = "UIInterfaceOrientationPortrait UIInterfaceOrientationPortraitUpsideDown UIInterfaceOrientationLandscapeLeft UIInterfaceOrientationLandscapeRight";
				INFOPLIST_KEY_UISupportedInterfaceOrientations_iPhone = "UIInterfaceOrientationPortrait UIInterfaceOrientationLandscapeLeft UIInterfaceOrientationLandscapeRight";
				LD_RUNPATH_SEARCH_PATHS = (
					"$(inherited)",
					"@executable_path/Frameworks",
				);
				MARKETING_VERSION = 1.0;
				PRODUCT_BUNDLE_IDENTIFIER = "Assignment-iOS-Quiz.Binary-Counter";
				PRODUCT_NAME = "$(TARGET_NAME)";
				SWIFT_EMIT_LOC_STRINGS = YES;
				SWIFT_VERSION = 5.0;
				TARGETED_DEVICE_FAMILY = "1,2";
			};
			name = Release;
		};
		847AD942276226130073187D /* Debug */ = {
			isa = XCBuildConfiguration;
			buildSettings = {
				ALWAYS_EMBED_SWIFT_STANDARD_LIBRARIES = YES;
				BUNDLE_LOADER = "$(TEST_HOST)";
				CODE_SIGN_STYLE = Automatic;
				CURRENT_PROJECT_VERSION = 1;
				GENERATE_INFOPLIST_FILE = YES;
				IPHONEOS_DEPLOYMENT_TARGET = 15.0;
				LD_RUNPATH_SEARCH_PATHS = (
					"$(inherited)",
					"@executable_path/Frameworks",
					"@loader_path/Frameworks",
				);
				MARKETING_VERSION = 1.0;
				PRODUCT_BUNDLE_IDENTIFIER = "Assignment-iOS-Quiz.Binary-CounterTests";
				PRODUCT_NAME = "$(TARGET_NAME)";
				SWIFT_EMIT_LOC_STRINGS = NO;
				SWIFT_VERSION = 5.0;
				TARGETED_DEVICE_FAMILY = "1,2";
				TEST_HOST = "$(BUILT_PRODUCTS_DIR)/Binary Counter.app/Binary Counter";
			};
			name = Debug;
		};
		847AD943276226130073187D /* Release */ = {
			isa = XCBuildConfiguration;
			buildSettings = {
				ALWAYS_EMBED_SWIFT_STANDARD_LIBRARIES = YES;
				BUNDLE_LOADER = "$(TEST_HOST)";
				CODE_SIGN_STYLE = Automatic;
				CURRENT_PROJECT_VERSION = 1;
				GENERATE_INFOPLIST_FILE = YES;
				IPHONEOS_DEPLOYMENT_TARGET = 15.0;
				LD_RUNPATH_SEARCH_PATHS = (
					"$(inherited)",
					"@executable_path/Frameworks",
					"@loader_path/Frameworks",
				);
				MARKETING_VERSION = 1.0;
				PRODUCT_BUNDLE_IDENTIFIER = "Assignment-iOS-Quiz.Binary-CounterTests";
				PRODUCT_NAME = "$(TARGET_NAME)";
				SWIFT_EMIT_LOC_STRINGS = NO;
				SWIFT_VERSION = 5.0;
				TARGETED_DEVICE_FAMILY = "1,2";
				TEST_HOST = "$(BUILT_PRODUCTS_DIR)/Binary Counter.app/Binary Counter";
			};
			name = Release;
		};
		847AD945276226130073187D /* Debug */ = {
			isa = XCBuildConfiguration;
			buildSettings = {
				ALWAYS_EMBED_SWIFT_STANDARD_LIBRARIES = YES;
				CODE_SIGN_STYLE = Automatic;
				CURRENT_PROJECT_VERSION = 1;
				GENERATE_INFOPLIST_FILE = YES;
				LD_RUNPATH_SEARCH_PATHS = (
					"$(inherited)",
					"@executable_path/Frameworks",
					"@loader_path/Frameworks",
				);
				MARKETING_VERSION = 1.0;
				PRODUCT_BUNDLE_IDENTIFIER = "Assignment-iOS-Quiz.Binary-CounterUITests";
				PRODUCT_NAME = "$(TARGET_NAME)";
				SWIFT_EMIT_LOC_STRINGS = NO;
				SWIFT_VERSION = 5.0;
				TARGETED_DEVICE_FAMILY = "1,2";
				TEST_TARGET_NAME = "Binary Counter";
			};
			name = Debug;
		};
		847AD946276226130073187D /* Release */ = {
			isa = XCBuildConfiguration;
			buildSettings = {
				ALWAYS_EMBED_SWIFT_STANDARD_LIBRARIES = YES;
				CODE_SIGN_STYLE = Automatic;
				CURRENT_PROJECT_VERSION = 1;
				GENERATE_INFOPLIST_FILE = YES;
				LD_RUNPATH_SEARCH_PATHS = (
					"$(inherited)",
					"@executable_path/Frameworks",
					"@loader_path/Frameworks",
				);
				MARKETING_VERSION = 1.0;
				PRODUCT_BUNDLE_IDENTIFIER = "Assignment-iOS-Quiz.Binary-CounterUITests";
				PRODUCT_NAME = "$(TARGET_NAME)";
				SWIFT_EMIT_LOC_STRINGS = NO;
				SWIFT_VERSION = 5.0;
				TARGETED_DEVICE_FAMILY = "1,2";
				TEST_TARGET_NAME = "Binary Counter";
			};
			name = Release;
		};
/* End XCBuildConfiguration section */

/* Begin XCConfigurationList section */
		847AD90F276226110073187D /* Build configuration list for PBXProject "Binary Counter" */ = {
			isa = XCConfigurationList;
			buildConfigurations = (
				847AD93C276226130073187D /* Debug */,
				847AD93D276226130073187D /* Release */,
			);
			defaultConfigurationIsVisible = 0;
			defaultConfigurationName = Release;
		};
		847AD93E276226130073187D /* Build configuration list for PBXNativeTarget "Binary Counter" */ = {
			isa = XCConfigurationList;
			buildConfigurations = (
				847AD93F276226130073187D /* Debug */,
				847AD940276226130073187D /* Release */,
			);
			defaultConfigurationIsVisible = 0;
			defaultConfigurationName = Release;
		};
		847AD941276226130073187D /* Build configuration list for PBXNativeTarget "Binary CounterTests" */ = {
			isa = XCConfigurationList;
			buildConfigurations = (
				847AD942276226130073187D /* Debug */,
				847AD943276226130073187D /* Release */,
			);
			defaultConfigurationIsVisible = 0;
			defaultConfigurationName = Release;
		};
		847AD944276226130073187D /* Build configuration list for PBXNativeTarget "Binary CounterUITests" */ = {
			isa = XCConfigurationList;
			buildConfigurations = (
				847AD945276226130073187D /* Debug */,
				847AD946276226130073187D /* Release */,
			);
			defaultConfigurationIsVisible = 0;
			defaultConfigurationName = Release;
		};
/* End XCConfigurationList section */
	};
	rootObject = 847AD90C276226110073187D /* Project object */;
}
